
Microsoft Visual Studio Solution File, Format Version 12.00
# Visual Studio Version 17
VisualStudioVersion = 17.9.34701.34
MinimumVisualStudioVersion = 10.0.40219.1
Project("{FAE04EC0-301F-11D3-BF4B-00C04F79EFBC}") = "ExpressFoodApplicationAdmin", "ExpressFoodApplicationAdmin\ExpressFoodApplicationAdmin.csproj", "{CA5F1975-566F-4CEC-BF6D-BB76E59B7BAB}"
EndProject
Global
	GlobalSection(SolutionConfigurationPlatforms) = preSolution
		Debug|Any CPU = Debug|Any CPU
		Release|Any CPU = Release|Any CPU
	EndGlobalSection
	GlobalSection(ProjectConfigurationPlatforms) = postSolution
		{CA5F1975-566F-4CEC-BF6D-BB76E59B7BAB}.Debug|Any CPU.ActiveCfg = Debug|Any CPU
		{CA5F1975-566F-4CEC-BF6D-BB76E59B7BAB}.Debug|Any CPU.Build.0 = Debug|Any CPU
		{CA5F1975-566F-4CEC-BF6D-BB76E59B7BAB}.Release|Any CPU.ActiveCfg = Release|Any CPU
		{CA5F1975-566F-4CEC-BF6D-BB76E59B7BAB}.Release|Any CPU.Build.0 = Release|Any CPU
	EndGlobalSection
	GlobalSection(SolutionProperties) = preSolution
		HideSolutionNode = FALSE
	EndGlobalSection
	GlobalSection(ExtensibilityGlobals) = postSolution
		SolutionGuid = {FB014F07-E60A-4F3F-B0D6-59F8E5C8C238}
	EndGlobalSection
EndGlobal
